
Microsoft Visual Studio Solution File, Format Version 12.00
# Visual Studio Version 16
VisualStudioVersion = 16.0.29215.179
MinimumVisualStudioVersion = 10.0.40219.1
Project("{8BC9CEB8-8B4A-11D0-8D11-00A0C91BC942}") = "test 1", "test 1\test 1.vcxproj", "{E55D8A87-C2E7-404F-8806-131746265105}"
EndProject
Global
	GlobalSection(SolutionConfigurationPlatforms) = preSolution
		Debug|x64 = Debug|x64
		Debug|x86 = Debug|x86
		Release|x64 = Release|x64
		Release|x86 = Release|x86
	EndGlobalSection
	GlobalSection(ProjectConfigurationPlatforms) = postSolution
		{E55D8A87-C2E7-404F-8806-131746265105}.Debug|x64.ActiveCfg = Debug|x64
		{E55D8A87-C2E7-404F-8806-131746265105}.Debug|x64.Build.0 = Debug|x64
		{E55D8A87-C2E7-404F-8806-131746265105}.Debug|x86.ActiveCfg = Debug|Win32
		{E55D8A87-C2E7-404F-8806-131746265105}.Debug|x86.Build.0 = Debug|Win32
		{E55D8A87-C2E7-404F-8806-131746265105}.Release|x64.ActiveCfg = Release|x64
		{E55D8A87-C2E7-404F-8806-131746265105}.Release|x64.Build.0 = Release|x64
		{E55D8A87-C2E7-404F-8806-131746265105}.Release|x86.ActiveCfg = Release|Win32
		{E55D8A87-C2E7-404F-8806-131746265105}.Release|x86.Build.0 = Release|Win32
	EndGlobalSection
	GlobalSection(SolutionProperties) = preSolution
		HideSolutionNode = FALSE
	EndGlobalSection
	GlobalSection(ExtensibilityGlobals) = postSolution
		SolutionGuid = {F1123B5C-FE7D-46A2-929D-3808D9C58BD0}
	EndGlobalSection
EndGlobal
